<?xml version="1.0" encoding="utf-8"?>
<Project ToolsVersion="4.0" xmlns="http://schemas.microsoft.com/developer/msbuild/2003">
  <ItemGroup>
    <Filter Include="Pulp">
      <UniqueIdentifier>{E6ED8A7C-D224-8C0D-7B11-72106727080F}</UniqueIdentifier>
    </Filter>
    <Filter Include="Pulp\Events">
      <UniqueIdentifier>{0A3BF9BD-76F0-71B3-FFE4-6B8A6B9968B7}</UniqueIdentifier>
    </Filter>
  </ItemGroup>
  <ItemGroup>
    <ClInclude Include="src\Pulp.h" />
    <ClInclude Include="src\Pulp\Application.h">
      <Filter>Pulp</Filter>
    </ClInclude>
    <ClInclude Include="src\Pulp\Core.h">
      <Filter>Pulp</Filter>
    </ClInclude>
    <ClInclude Include="src\Pulp\EntryPoint.h">
      <Filter>Pulp</Filter>
    </ClInclude>
    <ClInclude Include="src\Pulp\Events\ApplicationEvent.h">
      <Filter>Pulp\Events</Filter>
    </ClInclude>
    <ClInclude Include="src\Pulp\Events\Event.h">
      <Filter>Pulp\Events</Filter>
    </ClInclude>
    <ClInclude Include="src\Pulp\Events\KeyEvent.h">
      <Filter>Pulp\Events</Filter>
    </ClInclude>
    <ClInclude Include="src\Pulp\Events\MouseEvent.h">
      <Filter>Pulp\Events</Filter>
    </ClInclude>
    <ClInclude Include="src\Pulp\Log.h">
      <Filter>Pulp</Filter>
    </ClInclude>
    <ClInclude Include="src\plppch.h" />
  </ItemGroup>
  <ItemGroup>
    <ClCompile Include="src\Pulp\Application.cpp">
      <Filter>Pulp</Filter>
    </ClCompile>
    <ClCompile Include="src\Pulp\Log.cpp">
      <Filter>Pulp</Filter>
    </ClCompile>
    <ClCompile Include="src\plppch.cpp" />
  </ItemGroup>
</Project>